lockfileVersion: '9.0'

settings:
  autoInstallPeers: true
  excludeLinksFromLockfile: false

importers:

  .:
    devDependencies:
      stylelint-config-idiomatic-order:
        specifier: ^10.0.0
        version: 10.0.0
      stylelint-config-standard:
        specifier: ^40.0.0
        version: 40.0.0

packages:

  nanoid@3.3.15:
    resolution: {integrity: sha512-y7Wygv/7mEOvxTuEQDB8StXdMRBWf1kR/tlhAzBRUFkB2jfcLOAxO/SHmOO2zgz1pVgK29/kyupn059/bCHdjA==}
    engines: {node: ^10 || ^12 || ^13.7 || ^14 || >=15.0.1}
    hasBin: true

  picocolors@1.1.1:
    resolution: {integrity: sha512-xceH2snhtb5M9liqDsmEw56le376mTZkEX/jEb/RxNFyegNul7eNslCXP9FDj/Lcu0X8KEyMceP2ntpaHrDEVA==}

  postcss-sorting@8.0.2:
    resolution: {integrity: sha512-M9dkSrmU00t/jK7rF6BZSZauA5MAaBW4i5EnJXspMwt4iqTh/L9j6fgMnbElEOfyRyfLfVbIHj/R52zHzAPe1Q==}
    peerDependencies:
      postcss: ^8.4.20

  postcss@8.5.16:
    resolution: {integrity: sha512-vuwillviilfKZsg0VGj5R/YwwcHx4SLsIOI/7K6mQkWx+l5cUHTjj5g0AasTBcyXsbfTgrwsUNmVUb5xVwyPwg==}
    engines: {node: ^10 || ^12 || >=14}

  source-map-js@1.2.1:
    resolution: {integrity: sha512-UXWMKhLOwVKb728IUtQPXxfYU+usdybtUrK/8uGE8CQMvrhOpwvzDBwj0QhSL7MQc7vIsISBG8VQ8+IDQxpfQA==}
    engines: {node: '>=0.10.0'}

  stylelint-config-idiomatic-order@10.0.0:
    resolution: {integrity: sha512-gJjT1nwhgnHS52+mRn+5Iw6keZIPRN4W+vbzct9Elb+tWOo61jC/CzXzAJHvvOYQZqUYItfs2aQ8fU5hnCvuGg==}
    engines: {node: '>=12'}
    peerDependencies:
      stylelint: '>=11'

  stylelint-config-recommended@18.0.0:
    resolution: {integrity: sha512-mxgT2XY6YZ3HWWe3Di8umG6aBmWmHTblTgu/f10rqFXnyWxjKWwNdjSWkgkwCtxIKnqjSJzvFmPT5yabVIRxZg==}
    engines: {node: '>=20.19.0'}
    peerDependencies:
      stylelint: ^17.0.0

  stylelint-config-standard@40.0.0:
    resolution: {integrity: sha512-EznGJxOUhtWck2r6dJpbgAdPATIzvpLdK9+i5qPd4Lx70es66TkBPljSg4wN3Qnc6c4h2n+WbUrUynQ3fanjHw==}
    engines: {node: '>=20.19.0'}
    peerDependencies:
      stylelint: ^17.0.0

  stylelint-order@6.0.4:
    resolution: {integrity: sha512-0UuKo4+s1hgQ/uAxlYU4h0o0HS4NiQDud0NAUNI0aa8FJdmYHA5ZZTFHiV5FpmE3071e9pZx5j0QpVJW5zOCUA==}
    peerDependencies:
      stylelint: ^14.0.0 || ^15.0.0 || ^16.0.1

snapshots:

  nanoid@3.3.15: {}

  picocolors@1.1.1: {}

  postcss-sorting@8.0.2(postcss@8.5.16):
    dependencies:
      postcss: 8.5.16

  postcss@8.5.16:
    dependencies:
      nanoid: 3.3.15
      picocolors: 1.1.1
      source-map-js: 1.2.1

  source-map-js@1.2.1: {}

  stylelint-config-idiomatic-order@10.0.0:
    dependencies:
      stylelint-order: 6.0.4

  stylelint-config-recommended@18.0.0: {}

  stylelint-config-standard@40.0.0:
    dependencies:
      stylelint-config-recommended: 18.0.0

  stylelint-order@6.0.4:
    dependencies:
      postcss: 8.5.16
      postcss-sorting: 8.0.2(postcss@8.5.16)
